
Microsoft Visual Studio Solution File, Format Version 12.00
# Visual Studio Version 17
VisualStudioVersion = 17.9.34622.214
MinimumVisualStudioVersion = 10.0.40219.1
Project("{FAE04EC0-301F-11D3-BF4B-00C04F79EFBC}") = "OnlineLearning", "OnlineLearning\OnlineLearning.csproj", "{45E64DA1-C7C4-4AFC-921F-B310CAD32831}"
EndProject
Global
	GlobalSection(SolutionConfigurationPlatforms) = preSolution
		Debug|Any CPU = Debug|Any CPU
		Release|Any CPU = Release|Any CPU
	EndGlobalSection
	GlobalSection(ProjectConfigurationPlatforms) = postSolution
		{45E64DA1-C7C4-4AFC-921F-B310CAD32831}.Debug|Any CPU.ActiveCfg = Debug|Any CPU
		{45E64DA1-C7C4-4AFC-921F-B310CAD32831}.Debug|Any CPU.Build.0 = Debug|Any CPU
		{45E64DA1-C7C4-4AFC-921F-B310CAD32831}.Release|Any CPU.ActiveCfg = Release|Any CPU
		{45E64DA1-C7C4-4AFC-921F-B310CAD32831}.Release|Any CPU.Build.0 = Release|Any CPU
	EndGlobalSection
	GlobalSection(SolutionProperties) = preSolution
		HideSolutionNode = FALSE
	EndGlobalSection
	GlobalSection(ExtensibilityGlobals) = postSolution
		SolutionGuid = {537344D7-2DB6-4751-BDFA-F343EF267A11}
	EndGlobalSection
EndGlobal
